
Microsoft Visual Studio Solution File, Format Version 12.00
# Visual Studio Version 17
VisualStudioVersion = 17.10.34928.147
MinimumVisualStudioVersion = 10.0.40219.1
Project("{FAE04EC0-301F-11D3-BF4B-00C04F79EFBC}") = "CrudApp", "CrudApp\CrudApp.csproj", "{5C7C0319-2946-4B30-829D-83E953DC12D9}"
EndProject
Project("{FAE04EC0-301F-11D3-BF4B-00C04F79EFBC}") = "RazorApp", "RazorApp\RazorApp.csproj", "{1C3D6B69-699D-4675-8A8F-18AE9C2E9C57}"
EndProject
Global
	GlobalSection(SolutionConfigurationPlatforms) = preSolution
		Debug|Any CPU = Debug|Any CPU
		Release|Any CPU = Release|Any CPU
	EndGlobalSection
	GlobalSection(ProjectConfigurationPlatforms) = postSolution
		{5C7C0319-2946-4B30-829D-83E953DC12D9}.Debug|Any CPU.ActiveCfg = Debug|Any CPU
		{5C7C0319-2946-4B30-829D-83E953DC12D9}.Debug|Any CPU.Build.0 = Debug|Any CPU
		{5C7C0319-2946-4B30-829D-83E953DC12D9}.Release|Any CPU.ActiveCfg = Release|Any CPU
		{5C7C0319-2946-4B30-829D-83E953DC12D9}.Release|Any CPU.Build.0 = Release|Any CPU
		{1C3D6B69-699D-4675-8A8F-18AE9C2E9C57}.Debug|Any CPU.ActiveCfg = Debug|Any CPU
		{1C3D6B69-699D-4675-8A8F-18AE9C2E9C57}.Debug|Any CPU.Build.0 = Debug|Any CPU
		{1C3D6B69-699D-4675-8A8F-18AE9C2E9C57}.Release|Any CPU.ActiveCfg = Release|Any CPU
		{1C3D6B69-699D-4675-8A8F-18AE9C2E9C57}.Release|Any CPU.Build.0 = Release|Any CPU
	EndGlobalSection
	GlobalSection(SolutionProperties) = preSolution
		HideSolutionNode = FALSE
	EndGlobalSection
	GlobalSection(ExtensibilityGlobals) = postSolution
		SolutionGuid = {6E559C33-A47D-400C-B3C7-323832E66FD7}
	EndGlobalSection
EndGlobal
